
Microsoft Visual Studio Solution File, Format Version 12.00
# Visual Studio 15
VisualStudioVersion = 15.0.28307.489
MinimumVisualStudioVersion = 10.0.40219.1
Project("{8BC9CEB8-8B4A-11D0-8D11-00A0C91BC942}") = "ModbusServerSimulator", "ModbusServerSimulator\ModbusServerSimulator.vcxproj", "{011425F6-165E-4972-98F1-656635B2CFBC}"
EndProject
Global
	GlobalSection(SolutionConfigurationPlatforms) = preSolution
		Debug|x64 = Debug|x64
		Debug|x86 = Debug|x86
		Release|x64 = Release|x64
		Release|x86 = Release|x86
	EndGlobalSection
	GlobalSection(ProjectConfigurationPlatforms) = postSolution
		{011425F6-165E-4972-98F1-656635B2CFBC}.Debug|x64.ActiveCfg = Debug|x64
		{011425F6-165E-4972-98F1-656635B2CFBC}.Debug|x64.Build.0 = Debug|x64
		{011425F6-165E-4972-98F1-656635B2CFBC}.Debug|x86.ActiveCfg = Debug|Win32
		{011425F6-165E-4972-98F1-656635B2CFBC}.Debug|x86.Build.0 = Debug|Win32
		{011425F6-165E-4972-98F1-656635B2CFBC}.Release|x64.ActiveCfg = Release|x64
		{011425F6-165E-4972-98F1-656635B2CFBC}.Release|x64.Build.0 = Release|x64
		{011425F6-165E-4972-98F1-656635B2CFBC}.Release|x86.ActiveCfg = Release|Win32
		{011425F6-165E-4972-98F1-656635B2CFBC}.Release|x86.Build.0 = Release|Win32
	EndGlobalSection
	GlobalSection(SolutionProperties) = preSolution
		HideSolutionNode = FALSE
	EndGlobalSection
	GlobalSection(ExtensibilityGlobals) = postSolution
		SolutionGuid = {4FD6BC7B-A49A-4D7D-A4C7-005E68B9F74F}
	EndGlobalSection
EndGlobal
